
Microsoft Visual Studio Solution File, Format Version 12.00
# Visual Studio Version 17
VisualStudioVersion = 17.7.34221.43
MinimumVisualStudioVersion = 10.0.40219.1
Project("{FAE04EC0-301F-11D3-BF4B-00C04F79EFBC}") = "ConsoleAppST2", "ConsoleAppST2\ConsoleAppST2.csproj", "{92B9BAFC-FEBB-4497-B437-DFEC5B943EAC}"
EndProject
Global
	GlobalSection(SolutionConfigurationPlatforms) = preSolution
		Debug|Any CPU = Debug|Any CPU
		Release|Any CPU = Release|Any CPU
	EndGlobalSection
	GlobalSection(ProjectConfigurationPlatforms) = postSolution
		{92B9BAFC-FEBB-4497-B437-DFEC5B943EAC}.Debug|Any CPU.ActiveCfg = Debug|Any CPU
		{92B9BAFC-FEBB-4497-B437-DFEC5B943EAC}.Debug|Any CPU.Build.0 = Debug|Any CPU
		{92B9BAFC-FEBB-4497-B437-DFEC5B943EAC}.Release|Any CPU.ActiveCfg = Release|Any CPU
		{92B9BAFC-FEBB-4497-B437-DFEC5B943EAC}.Release|Any CPU.Build.0 = Release|Any CPU
	EndGlobalSection
	GlobalSection(SolutionProperties) = preSolution
		HideSolutionNode = FALSE
	EndGlobalSection
	GlobalSection(ExtensibilityGlobals) = postSolution
		SolutionGuid = {D9D5F99D-ED76-4AA1-80CC-070CBCB8840E}
	EndGlobalSection
EndGlobal
